
Microsoft Visual Studio Solution File, Format Version 12.00
# Visual Studio Version 17
VisualStudioVersion = 17.0.32126.317
MinimumVisualStudioVersion = 10.0.40219.1
Project("{FAE04EC0-301F-11D3-BF4B-00C04F79EFBC}") = "Lab_5", "Lab_5\Lab_5.csproj", "{80D91CD0-6A01-489F-BD40-830441588629}"
EndProject
Global
	GlobalSection(SolutionConfigurationPlatforms) = preSolution
		Debug|Any CPU = Debug|Any CPU
		Release|Any CPU = Release|Any CPU
	EndGlobalSection
	GlobalSection(ProjectConfigurationPlatforms) = postSolution
		{80D91CD0-6A01-489F-BD40-830441588629}.Debug|Any CPU.ActiveCfg = Debug|Any CPU
		{80D91CD0-6A01-489F-BD40-830441588629}.Debug|Any CPU.Build.0 = Debug|Any CPU
		{80D91CD0-6A01-489F-BD40-830441588629}.Release|Any CPU.ActiveCfg = Release|Any CPU
		{80D91CD0-6A01-489F-BD40-830441588629}.Release|Any CPU.Build.0 = Release|Any CPU
	EndGlobalSection
	GlobalSection(SolutionProperties) = preSolution
		HideSolutionNode = FALSE
	EndGlobalSection
	GlobalSection(ExtensibilityGlobals) = postSolution
		SolutionGuid = {0AC26698-2ABA-4AB7-85C3-663FD90A5FBD}
	EndGlobalSection
EndGlobal
